
Microsoft Visual Studio Solution File, Format Version 12.00
Project("{FAE04EC0-301F-11D3-BF4B-00C04F79EFBC}") = "ContainsDuplicate", "ContainsDuplicate\ContainsDuplicate.csproj", "{399F3B81-2167-4DC5-95D4-122FA252014E}"
EndProject
Project("{FAE04EC0-301F-11D3-BF4B-00C04F79EFBC}") = "ValidAnagram", "ValidAnagram\ValidAnagram.csproj", "{0D9AA69C-CABA-4DCC-8C75-7E1D57CCBAE2}"
EndProject
Project("{FAE04EC0-301F-11D3-BF4B-00C04F79EFBC}") = "ConcatenationOfArray", "ConcatenationOfArray\ConcatenationOfArray.csproj", "{5E7DF4BF-AB5B-4309-85EB-5C1F4D34DB8B}"
EndProject
Project("{FAE04EC0-301F-11D3-BF4B-00C04F79EFBC}") = "ReplaceElementsWithGreatestElementOnRightSide", "ReplaceElementsWithGreatestElementOnRightSide\ReplaceElementsWithGreatestElementOnRightSide.csproj", "{76DF9B30-D42B-4209-9BFF-C0F4E459F484}"
EndProject
Project("{FAE04EC0-301F-11D3-BF4B-00C04F79EFBC}") = "IsSubsequence", "IsSubsequence \IsSubsequence.csproj", "{29E82505-10EF-497A-8BB0-77CB10AF57A1}"
EndProject
Project("{FAE04EC0-301F-11D3-BF4B-00C04F79EFBC}") = "LengthOfLastWord", "LengthOfLastWord \LengthOfLastWord.csproj", "{1A65E411-493E-401E-9FBA-72D7F694FE01}"
EndProject
Project("{FAE04EC0-301F-11D3-BF4B-00C04F79EFBC}") = "TwoSum", "TwoSum\TwoSum.csproj", "{EF458992-CE09-45BB-B756-592F56FBC8F3}"
EndProject
Global
	GlobalSection(SolutionConfigurationPlatforms) = preSolution
		Debug|Any CPU = Debug|Any CPU
		Release|Any CPU = Release|Any CPU
	EndGlobalSection
	GlobalSection(ProjectConfigurationPlatforms) = postSolution
		{399F3B81-2167-4DC5-95D4-122FA252014E}.Debug|Any CPU.ActiveCfg = Debug|Any CPU
		{399F3B81-2167-4DC5-95D4-122FA252014E}.Debug|Any CPU.Build.0 = Debug|Any CPU
		{399F3B81-2167-4DC5-95D4-122FA252014E}.Release|Any CPU.ActiveCfg = Release|Any CPU
		{399F3B81-2167-4DC5-95D4-122FA252014E}.Release|Any CPU.Build.0 = Release|Any CPU
		{0D9AA69C-CABA-4DCC-8C75-7E1D57CCBAE2}.Debug|Any CPU.ActiveCfg = Debug|Any CPU
		{0D9AA69C-CABA-4DCC-8C75-7E1D57CCBAE2}.Debug|Any CPU.Build.0 = Debug|Any CPU
		{0D9AA69C-CABA-4DCC-8C75-7E1D57CCBAE2}.Release|Any CPU.ActiveCfg = Release|Any CPU
		{0D9AA69C-CABA-4DCC-8C75-7E1D57CCBAE2}.Release|Any CPU.Build.0 = Release|Any CPU
		{5E7DF4BF-AB5B-4309-85EB-5C1F4D34DB8B}.Debug|Any CPU.ActiveCfg = Debug|Any CPU
		{5E7DF4BF-AB5B-4309-85EB-5C1F4D34DB8B}.Debug|Any CPU.Build.0 = Debug|Any CPU
		{5E7DF4BF-AB5B-4309-85EB-5C1F4D34DB8B}.Release|Any CPU.ActiveCfg = Release|Any CPU
		{5E7DF4BF-AB5B-4309-85EB-5C1F4D34DB8B}.Release|Any CPU.Build.0 = Release|Any CPU
		{76DF9B30-D42B-4209-9BFF-C0F4E459F484}.Debug|Any CPU.ActiveCfg = Debug|Any CPU
		{76DF9B30-D42B-4209-9BFF-C0F4E459F484}.Debug|Any CPU.Build.0 = Debug|Any CPU
		{76DF9B30-D42B-4209-9BFF-C0F4E459F484}.Release|Any CPU.ActiveCfg = Release|Any CPU
		{76DF9B30-D42B-4209-9BFF-C0F4E459F484}.Release|Any CPU.Build.0 = Release|Any CPU
		{29E82505-10EF-497A-8BB0-77CB10AF57A1}.Debug|Any CPU.ActiveCfg = Debug|Any CPU
		{29E82505-10EF-497A-8BB0-77CB10AF57A1}.Debug|Any CPU.Build.0 = Debug|Any CPU
		{29E82505-10EF-497A-8BB0-77CB10AF57A1}.Release|Any CPU.ActiveCfg = Release|Any CPU
		{29E82505-10EF-497A-8BB0-77CB10AF57A1}.Release|Any CPU.Build.0 = Release|Any CPU
		{1A65E411-493E-401E-9FBA-72D7F694FE01}.Debug|Any CPU.ActiveCfg = Debug|Any CPU
		{1A65E411-493E-401E-9FBA-72D7F694FE01}.Debug|Any CPU.Build.0 = Debug|Any CPU
		{1A65E411-493E-401E-9FBA-72D7F694FE01}.Release|Any CPU.ActiveCfg = Release|Any CPU
		{1A65E411-493E-401E-9FBA-72D7F694FE01}.Release|Any CPU.Build.0 = Release|Any CPU
		{EF458992-CE09-45BB-B756-592F56FBC8F3}.Debug|Any CPU.ActiveCfg = Debug|Any CPU
		{EF458992-CE09-45BB-B756-592F56FBC8F3}.Debug|Any CPU.Build.0 = Debug|Any CPU
		{EF458992-CE09-45BB-B756-592F56FBC8F3}.Release|Any CPU.ActiveCfg = Release|Any CPU
		{EF458992-CE09-45BB-B756-592F56FBC8F3}.Release|Any CPU.Build.0 = Release|Any CPU
	EndGlobalSection
EndGlobal
